// !$*UTF8*$!
{
	archiveVersion = 1;
	classes = {
	};
	objectVersion = 55;
	objects = {

/* Begin PBXBuildFile section */
		2A3CB45727FB3AF700BC27B9 /* ScotiabankCodingAssessmentApp.swift in Sources */ = {isa = PBXBuildFile; fileRef = 2A3CB45627FB3AF700BC27B9 /* ScotiabankCodingAssessmentApp.swift */; };
		2A3CB45927FB3AF700BC27B9 /* AlbumsView.swift in Sources */ = {isa = PBXBuildFile; fileRef = 2A3CB45827FB3AF700BC27B9 /* AlbumsView.swift */; };
		2A3CB45B27FB3AF900BC27B9 /* Assets.xcassets in Resources */ = {isa = PBXBuildFile; fileRef = 2A3CB45A27FB3AF900BC27B9 /* Assets.xcassets */; };
		2A3CB45E27FB3AF900BC27B9 /* Preview Assets.xcassets in Resources */ = {isa = PBXBuildFile; fileRef = 2A3CB45D27FB3AF900BC27B9 /* Preview Assets.xcassets */; };
		2A3CB48427FB3BC000BC27B9 /* TracksRepository.swift in Sources */ = {isa = PBXBuildFile; fileRef = 2A3CB48327FB3BC000BC27B9 /* TracksRepository.swift */; };
		2A3CB48627FB3BD800BC27B9 /* HttpsClient.swift in Sources */ = {isa = PBXBuildFile; fileRef = 2A3CB48527FB3BD800BC27B9 /* HttpsClient.swift */; };
		2A3CB48927FB3C1F00BC27B9 /* Database.swift in Sources */ = {isa = PBXBuildFile; fileRef = 2A3CB48827FB3C1F00BC27B9 /* Database.swift */; };
		2A3CB48B27FB3D0900BC27B9 /* AlbumsViewModel.swift in Sources */ = {isa = PBXBuildFile; fileRef = 2A3CB48A27FB3D0900BC27B9 /* AlbumsViewModel.swift */; };
		2A3CB48E27FB3F1B00BC27B9 /* AppManager.swift in Sources */ = {isa = PBXBuildFile; fileRef = 2A3CB48D27FB3F1B00BC27B9 /* AppManager.swift */; };
		2A85A95E27FC9FC9004D6006 /* AlbumsViewModelTests.swift in Sources */ = {isa = PBXBuildFile; fileRef = 2A85A95D27FC9FC9004D6006 /* AlbumsViewModelTests.swift */; };
		2A85A96227FCA638004D6006 /* TracksRepositorySpy.swift in Sources */ = {isa = PBXBuildFile; fileRef = 2A85A96127FCA638004D6006 /* TracksRepositorySpy.swift */; };
		2A85A96C27FD6CE2004D6006 /* CachedAsyncImage in Frameworks */ = {isa = PBXBuildFile; productRef = 2A85A96B27FD6CE2004D6006 /* CachedAsyncImage */; };
		2AFE6D9027FC6D0C00A82BF5 /* TracksView.swift in Sources */ = {isa = PBXBuildFile; fileRef = 2AFE6D8F27FC6D0C00A82BF5 /* TracksView.swift */; };
		2AFE6D9227FC6DA200A82BF5 /* CellView.swift in Sources */ = {isa = PBXBuildFile; fileRef = 2AFE6D9127FC6DA200A82BF5 /* CellView.swift */; };
		2AFE6D9527FC6E2F00A82BF5 /* Strings.swift in Sources */ = {isa = PBXBuildFile; fileRef = 2AFE6D9427FC6E2F00A82BF5 /* Strings.swift */; };
		2AFE6D9727FC6F2300A82BF5 /* PresentationItemMapper.swift in Sources */ = {isa = PBXBuildFile; fileRef = 2AFE6D9627FC6F2300A82BF5 /* PresentationItemMapper.swift */; };
		2AFE6D9B27FC6F7600A82BF5 /* PresentationItem.swift in Sources */ = {isa = PBXBuildFile; fileRef = 2AFE6D9A27FC6F7600A82BF5 /* PresentationItem.swift */; };
		2AFE6D9E27FC711A00A82BF5 /* Track.swift in Sources */ = {isa = PBXBuildFile; fileRef = 2AFE6D9D27FC711A00A82BF5 /* Track.swift */; };
		2AFE6DA127FC716700A82BF5 /* TrackEntity.swift in Sources */ = {isa = PBXBuildFile; fileRef = 2AFE6DA027FC716700A82BF5 /* TrackEntity.swift */; };
		2AFE6DA627FC7A8300A82BF5 /* RestRequestServiceTests.swift in Sources */ = {isa = PBXBuildFile; fileRef = 2AFE6DA527FC7A8300A82BF5 /* RestRequestServiceTests.swift */; };
		2AFE6DAC27FC7D2100A82BF5 /* DatabaseTests.swift in Sources */ = {isa = PBXBuildFile; fileRef = 2AFE6DAB27FC7D2100A82BF5 /* DatabaseTests.swift */; };
		2AFE6DAE27FC7D6A00A82BF5 /* TrackEntityTests.swift in Sources */ = {isa = PBXBuildFile; fileRef = 2AFE6DAD27FC7D6A00A82BF5 /* TrackEntityTests.swift */; };
		2AFE6DB127FC7FAE00A82BF5 /* TracksFetchServiceTests.swift in Sources */ = {isa = PBXBuildFile; fileRef = 2AFE6DB027FC7FAE00A82BF5 /* TracksFetchServiceTests.swift */; };
		2AFE6DB427FC800400A82BF5 /* HTTPSClientSpy.swift in Sources */ = {isa = PBXBuildFile; fileRef = 2AFE6DB327FC800400A82BF5 /* HTTPSClientSpy.swift */; };
		2AFE6DB627FC801200A82BF5 /* DatabaseSpy.swift in Sources */ = {isa = PBXBuildFile; fileRef = 2AFE6DB527FC801200A82BF5 /* DatabaseSpy.swift */; };
		2AFE6DB927FC8F3D00A82BF5 /* PresentationItemMapperTests.swift in Sources */ = {isa = PBXBuildFile; fileRef = 2AFE6DB827FC8F3D00A82BF5 /* PresentationItemMapperTests.swift */; };
		46D6663F6EF2A27494297910 /* Pods_ScotiabankCodingAssessment.framework in Frameworks */ = {isa = PBXBuildFile; fileRef = DBCCEA890A5F418F4EC7C7B5 /* Pods_ScotiabankCodingAssessment.framework */; };
		DBB812D5A1802CE7B32CBA44 /* Pods_ScotiabankCodingAssessmentTests.framework in Frameworks */ = {isa = PBXBuildFile; fileRef = 0F5A6F281934E5F1E1B89E0C /* Pods_ScotiabankCodingAssessmentTests.framework */; };
/* End PBXBuildFile section */

/* Begin PBXContainerItemProxy section */
		2A3CB46427FB3AFA00BC27B9 /* PBXContainerItemProxy */ = {
			isa = PBXContainerItemProxy;
			containerPortal = 2A3CB44B27FB3AF700BC27B9 /* Project object */;
			proxyType = 1;
			remoteGlobalIDString = 2A3CB45227FB3AF700BC27B9;
			remoteInfo = ScotiabankCodingAssessment;
		};
/* End PBXContainerItemProxy section */

/* Begin PBXFileReference section */
		0F5A6F281934E5F1E1B89E0C /* Pods_ScotiabankCodingAssessmentTests.framework */ = {isa = PBXFileReference; explicitFileType = wrapper.framework; includeInIndex = 0; path = Pods_ScotiabankCodingAssessmentTests.framework; sourceTree = BUILT_PRODUCTS_DIR; };
		20DACB6892CDCA3742D73DEB /* Pods-ScotiabankCodingAssessment.debug.xcconfig */ = {isa = PBXFileReference; includeInIndex = 1; lastKnownFileType = text.xcconfig; name = "Pods-ScotiabankCodingAssessment.debug.xcconfig"; path = "Target Support Files/Pods-ScotiabankCodingAssessment/Pods-ScotiabankCodingAssessment.debug.xcconfig"; sourceTree = "<group>"; };
		29701067A24A50A7C06CED20 /* Pods-ScotiabankCodingAssessment.release.xcconfig */ = {isa = PBXFileReference; includeInIndex = 1; lastKnownFileType = text.xcconfig; name = "Pods-ScotiabankCodingAssessment.release.xcconfig"; path = "Target Support Files/Pods-ScotiabankCodingAssessment/Pods-ScotiabankCodingAssessment.release.xcconfig"; sourceTree = "<group>"; };
		2A3CB45327FB3AF700BC27B9 /* ScotiabankCodingAssessment.app */ = {isa = PBXFileReference; explicitFileType = wrapper.application; includeInIndex = 0; path = ScotiabankCodingAssessment.app; sourceTree = BUILT_PRODUCTS_DIR; };
		2A3CB45627FB3AF700BC27B9 /* ScotiabankCodingAssessmentApp.swift */ = {isa = PBXFileReference; lastKnownFileType = sourcecode.swift; path = ScotiabankCodingAssessmentApp.swift; sourceTree = "<group>"; };
		2A3CB45827FB3AF700BC27B9 /* AlbumsView.swift */ = {isa = PBXFileReference; lastKnownFileType = sourcecode.swift; path = AlbumsView.swift; sourceTree = "<group>"; };
		2A3CB45A27FB3AF900BC27B9 /* Assets.xcassets */ = {isa = PBXFileReference; lastKnownFileType = folder.assetcatalog; path = Assets.xcassets; sourceTree = "<group>"; };
		2A3CB45D27FB3AF900BC27B9 /* Preview Assets.xcassets */ = {isa = PBXFileReference; lastKnownFileType = folder.assetcatalog; path = "Preview Assets.xcassets"; sourceTree = "<group>"; };
		2A3CB46327FB3AFA00BC27B9 /* ScotiabankCodingAssessmentTests.xctest */ = {isa = PBXFileReference; explicitFileType = wrapper.cfbundle; includeInIndex = 0; path = ScotiabankCodingAssessmentTests.xctest; sourceTree = BUILT_PRODUCTS_DIR; };
		2A3CB48327FB3BC000BC27B9 /* TracksRepository.swift */ = {isa = PBXFileReference; lastKnownFileType = sourcecode.swift; path = TracksRepository.swift; sourceTree = "<group>"; };
		2A3CB48527FB3BD800BC27B9 /* HttpsClient.swift */ = {isa = PBXFileReference; lastKnownFileType = sourcecode.swift; path = HttpsClient.swift; sourceTree = "<group>"; };
		2A3CB48827FB3C1F00BC27B9 /* Database.swift */ = {isa = PBXFileReference; lastKnownFileType = sourcecode.swift; path = Database.swift; sourceTree = "<group>"; };
		2A3CB48A27FB3D0900BC27B9 /* AlbumsViewModel.swift */ = {isa = PBXFileReference; lastKnownFileType = sourcecode.swift; path = AlbumsViewModel.swift; sourceTree = "<group>"; };
		2A3CB48D27FB3F1B00BC27B9 /* AppManager.swift */ = {isa = PBXFileReference; lastKnownFileType = sourcecode.swift; path = AppManager.swift; sourceTree = "<group>"; };
		2A85A95D27FC9FC9004D6006 /* AlbumsViewModelTests.swift */ = {isa = PBXFileReference; lastKnownFileType = sourcecode.swift; path = AlbumsViewModelTests.swift; sourceTree = "<group>"; };
		2A85A96127FCA638004D6006 /* TracksRepositorySpy.swift */ = {isa = PBXFileReference; lastKnownFileType = sourcecode.swift; path = TracksRepositorySpy.swift; sourceTree = "<group>"; };
		2AFE6D8F27FC6D0C00A82BF5 /* TracksView.swift */ = {isa = PBXFileReference; lastKnownFileType = sourcecode.swift; path = TracksView.swift; sourceTree = "<group>"; };
		2AFE6D9127FC6DA200A82BF5 /* CellView.swift */ = {isa = PBXFileReference; lastKnownFileType = sourcecode.swift; path = CellView.swift; sourceTree = "<group>"; };
		2AFE6D9427FC6E2F00A82BF5 /* Strings.swift */ = {isa = PBXFileReference; lastKnownFileType = sourcecode.swift; path = Strings.swift; sourceTree = "<group>"; };
		2AFE6D9627FC6F2300A82BF5 /* PresentationItemMapper.swift */ = {isa = PBXFileReference; lastKnownFileType = sourcecode.swift; path = PresentationItemMapper.swift; sourceTree = "<group>"; };
		2AFE6D9A27FC6F7600A82BF5 /* PresentationItem.swift */ = {isa = PBXFileReference; lastKnownFileType = sourcecode.swift; path = PresentationItem.swift; sourceTree = "<group>"; };
		2AFE6D9D27FC711A00A82BF5 /* Track.swift */ = {isa = PBXFileReference; lastKnownFileType = sourcecode.swift; path = Track.swift; sourceTree = "<group>"; };
		2AFE6DA027FC716700A82BF5 /* TrackEntity.swift */ = {isa = PBXFileReference; lastKnownFileType = sourcecode.swift; path = TrackEntity.swift; sourceTree = "<group>"; };
		2AFE6DA527FC7A8300A82BF5 /* RestRequestServiceTests.swift */ = {isa = PBXFileReference; lastKnownFileType = sourcecode.swift; path = RestRequestServiceTests.swift; sourceTree = "<group>"; };
		2AFE6DAB27FC7D2100A82BF5 /* DatabaseTests.swift */ = {isa = PBXFileReference; lastKnownFileType = sourcecode.swift; path = DatabaseTests.swift; sourceTree = "<group>"; };
		2AFE6DAD27FC7D6A00A82BF5 /* TrackEntityTests.swift */ = {isa = PBXFileReference; lastKnownFileType = sourcecode.swift; path = TrackEntityTests.swift; sourceTree = "<group>"; };
		2AFE6DB027FC7FAE00A82BF5 /* TracksFetchServiceTests.swift */ = {isa = PBXFileReference; lastKnownFileType = sourcecode.swift; path = TracksFetchServiceTests.swift; sourceTree = "<group>"; };
		2AFE6DB327FC800400A82BF5 /* HTTPSClientSpy.swift */ = {isa = PBXFileReference; lastKnownFileType = sourcecode.swift; path = HTTPSClientSpy.swift; sourceTree = "<group>"; };
		2AFE6DB527FC801200A82BF5 /* DatabaseSpy.swift */ = {isa = PBXFileReference; lastKnownFileType = sourcecode.swift; path = DatabaseSpy.swift; sourceTree = "<group>"; };
		2AFE6DB827FC8F3D00A82BF5 /* PresentationItemMapperTests.swift */ = {isa = PBXFileReference; lastKnownFileType = sourcecode.swift; path = PresentationItemMapperTests.swift; sourceTree = "<group>"; };
		46F337B1DD1018E1CB7ED647 /* Pods-ScotiabankCodingAssessmentTests.debug.xcconfig */ = {isa = PBXFileReference; includeInIndex = 1; lastKnownFileType = text.xcconfig; name = "Pods-ScotiabankCodingAssessmentTests.debug.xcconfig"; path = "Target Support Files/Pods-ScotiabankCodingAssessmentTests/Pods-ScotiabankCodingAssessmentTests.debug.xcconfig"; sourceTree = "<group>"; };
		768BFD8C02113E1959C14679 /* Pods_ScotiabankCodingAssessment_ScotiabankCodingAssessmentUITests.framework */ = {isa = PBXFileReference; explicitFileType = wrapper.framework; includeInIndex = 0; path = Pods_ScotiabankCodingAssessment_ScotiabankCodingAssessmentUITests.framework; sourceTree = BUILT_PRODUCTS_DIR; };
		A16BB4E5F436523D39DFDCF0 /* Pods-ScotiabankCodingAssessment-ScotiabankCodingAssessmentUITests.debug.xcconfig */ = {isa = PBXFileReference; includeInIndex = 1; lastKnownFileType = text.xcconfig; name = "Pods-ScotiabankCodingAssessment-ScotiabankCodingAssessmentUITests.debug.xcconfig"; path = "Target Support Files/Pods-ScotiabankCodingAssessment-ScotiabankCodingAssessmentUITests/Pods-ScotiabankCodingAssessment-ScotiabankCodingAssessmentUITests.debug.xcconfig"; sourceTree = "<group>"; };
		DBCCEA890A5F418F4EC7C7B5 /* Pods_ScotiabankCodingAssessment.framework */ = {isa = PBXFileReference; explicitFileType = wrapper.framework; includeInIndex = 0; path = Pods_ScotiabankCodingAssessment.framework; sourceTree = BUILT_PRODUCTS_DIR; };
		E5CB3CC6ACEA40D093788866 /* Pods-ScotiabankCodingAssessment-ScotiabankCodingAssessmentUITests.release.xcconfig */ = {isa = PBXFileReference; includeInIndex = 1; lastKnownFileType = text.xcconfig; name = "Pods-ScotiabankCodingAssessment-ScotiabankCodingAssessmentUITests.release.xcconfig"; path = "Target Support Files/Pods-ScotiabankCodingAssessment-ScotiabankCodingAssessmentUITests/Pods-ScotiabankCodingAssessment-ScotiabankCodingAssessmentUITests.release.xcconfig"; sourceTree = "<group>"; };
		E83F5641B5323649BC8B14A2 /* Pods-ScotiabankCodingAssessmentTests.release.xcconfig */ = {isa = PBXFileReference; includeInIndex = 1; lastKnownFileType = text.xcconfig; name = "Pods-ScotiabankCodingAssessmentTests.release.xcconfig"; path = "Target Support Files/Pods-ScotiabankCodingAssessmentTests/Pods-ScotiabankCodingAssessmentTests.release.xcconfig"; sourceTree = "<group>"; };
/* End PBXFileReference section */

/* Begin PBXFrameworksBuildPhase section */
		2A3CB45027FB3AF700BC27B9 /* Frameworks */ = {
			isa = PBXFrameworksBuildPhase;
			buildActionMask = 2147483647;
			files = (
				46D6663F6EF2A27494297910 /* Pods_ScotiabankCodingAssessment.framework in Frameworks */,
				2A85A96C27FD6CE2004D6006 /* CachedAsyncImage in Frameworks */,
			);
			runOnlyForDeploymentPostprocessing = 0;
		};
		2A3CB46027FB3AFA00BC27B9 /* Frameworks */ = {
			isa = PBXFrameworksBuildPhase;
			buildActionMask = 2147483647;
			files = (
				DBB812D5A1802CE7B32CBA44 /* Pods_ScotiabankCodingAssessmentTests.framework in Frameworks */,
			);
			runOnlyForDeploymentPostprocessing = 0;
		};
/* End PBXFrameworksBuildPhase section */

/* Begin PBXGroup section */
		2A3CB44A27FB3AF700BC27B9 = {
			isa = PBXGroup;
			children = (
				2A3CB45527FB3AF700BC27B9 /* ScotiabankCodingAssessment */,
				2A3CB46627FB3AFA00BC27B9 /* ScotiabankCodingAssessmentTests */,
				2A3CB45427FB3AF700BC27B9 /* Products */,
				81B14439B3049333EFBE9B14 /* Pods */,
				49AE046787C3882CB5C3FD6C /* Frameworks */,
			);
			sourceTree = "<group>";
		};
		2A3CB45427FB3AF700BC27B9 /* Products */ = {
			isa = PBXGroup;
			children = (
				2A3CB45327FB3AF700BC27B9 /* ScotiabankCodingAssessment.app */,
				2A3CB46327FB3AFA00BC27B9 /* ScotiabankCodingAssessmentTests.xctest */,
			);
			name = Products;
			sourceTree = "<group>";
		};
		2A3CB45527FB3AF700BC27B9 /* ScotiabankCodingAssessment */ = {
			isa = PBXGroup;
			children = (
				2A3CB45A27FB3AF900BC27B9 /* Assets.xcassets */,
				2A3CB48C27FB3EF400BC27B9 /* Application */,
				2AFE6D9327FC6E1D00A82BF5 /* Constants */,
				2A3CB48027FB3B3800BC27B9 /* Presentation */,
				2A3CB48227FB3B4B00BC27B9 /* Services */,
				2A3CB48127FB3B4000BC27B9 /* ViewModels */,
				2A3CB45C27FB3AF900BC27B9 /* Preview Content */,
			);
			path = ScotiabankCodingAssessment;
			sourceTree = "<group>";
		};
		2A3CB45C27FB3AF900BC27B9 /* Preview Content */ = {
			isa = PBXGroup;
			children = (
				2A3CB45D27FB3AF900BC27B9 /* Preview Assets.xcassets */,
			);
			path = "Preview Content";
			sourceTree = "<group>";
		};
		2A3CB46627FB3AFA00BC27B9 /* ScotiabankCodingAssessmentTests */ = {
			isa = PBXGroup;
			children = (
				2AFE6DB727FC8F2500A82BF5 /* Presentation */,
				2AFE6DA327FC7A5000A82BF5 /* Services */,
				2AFE6DB227FC7FE700A82BF5 /* Spies */,
				2A85A95C27FC9F61004D6006 /* ViewModels */,
			);
			path = ScotiabankCodingAssessmentTests;
			sourceTree = "<group>";
		};
		2A3CB48027FB3B3800BC27B9 /* Presentation */ = {
			isa = PBXGroup;
			children = (
				2A3CB45827FB3AF700BC27B9 /* AlbumsView.swift */,
				2AFE6D8F27FC6D0C00A82BF5 /* TracksView.swift */,
				2AFE6D9127FC6DA200A82BF5 /* CellView.swift */,
				2AFE6D9627FC6F2300A82BF5 /* PresentationItemMapper.swift */,
				2AFE6D9A27FC6F7600A82BF5 /* PresentationItem.swift */,
			);
			path = Presentation;
			sourceTree = "<group>";
		};
		2A3CB48127FB3B4000BC27B9 /* ViewModels */ = {
			isa = PBXGroup;
			children = (
				2A3CB48A27FB3D0900BC27B9 /* AlbumsViewModel.swift */,
			);
			path = ViewModels;
			sourceTree = "<group>";
		};
		2A3CB48227FB3B4B00BC27B9 /* Services */ = {
			isa = PBXGroup;
			children = (
				2AFE6DA227FC727600A82BF5 /* Networking */,
				2AFE6D9F27FC714D00A82BF5 /* Persistancy */,
				2AFE6D9C27FC70F600A82BF5 /* Repository */,
			);
			path = Services;
			sourceTree = "<group>";
		};
		2A3CB48C27FB3EF400BC27B9 /* Application */ = {
			isa = PBXGroup;
			children = (
				2A3CB45627FB3AF700BC27B9 /* ScotiabankCodingAssessmentApp.swift */,
				2A3CB48D27FB3F1B00BC27B9 /* AppManager.swift */,
			);
			path = Application;
			sourceTree = "<group>";
		};
		2A85A95C27FC9F61004D6006 /* ViewModels */ = {
			isa = PBXGroup;
			children = (
				2A85A95D27FC9FC9004D6006 /* AlbumsViewModelTests.swift */,
			);
			path = ViewModels;
			sourceTree = "<group>";
		};
		2AFE6D9327FC6E1D00A82BF5 /* Constants */ = {
			isa = PBXGroup;
			children = (
				2AFE6D9427FC6E2F00A82BF5 /* Strings.swift */,
			);
			path = Constants;
			sourceTree = "<group>";
		};
		2AFE6D9C27FC70F600A82BF5 /* Repository */ = {
			isa = PBXGroup;
			children = (
				2A3CB48327FB3BC000BC27B9 /* TracksRepository.swift */,
				2AFE6D9D27FC711A00A82BF5 /* Track.swift */,
			);
			path = Repository;
			sourceTree = "<group>";
		};
		2AFE6D9F27FC714D00A82BF5 /* Persistancy */ = {
			isa = PBXGroup;
			children = (
				2A3CB48827FB3C1F00BC27B9 /* Database.swift */,
				2AFE6DA027FC716700A82BF5 /* TrackEntity.swift */,
			);
			path = Persistancy;
			sourceTree = "<group>";
		};
		2AFE6DA227FC727600A82BF5 /* Networking */ = {
			isa = PBXGroup;
			children = (
				2A3CB48527FB3BD800BC27B9 /* HttpsClient.swift */,
			);
			path = Networking;
			sourceTree = "<group>";
		};
		2AFE6DA327FC7A5000A82BF5 /* Services */ = {
			isa = PBXGroup;
			children = (
				2AFE6DAF27FC7F9A00A82BF5 /* Repository */,
				2AFE6DAA27FC7D0500A82BF5 /* Persistancy */,
				2AFE6DA427FC7A6300A82BF5 /* Networking */,
			);
			path = Services;
			sourceTree = "<group>";
		};
		2AFE6DA427FC7A6300A82BF5 /* Networking */ = {
			isa = PBXGroup;
			children = (
				2AFE6DA527FC7A8300A82BF5 /* RestRequestServiceTests.swift */,
			);
			path = Networking;
			sourceTree = "<group>";
		};
		2AFE6DAA27FC7D0500A82BF5 /* Persistancy */ = {
			isa = PBXGroup;
			children = (
				2AFE6DAB27FC7D2100A82BF5 /* DatabaseTests.swift */,
				2AFE6DAD27FC7D6A00A82BF5 /* TrackEntityTests.swift */,
			);
			path = Persistancy;
			sourceTree = "<group>";
		};
		2AFE6DAF27FC7F9A00A82BF5 /* Repository */ = {
			isa = PBXGroup;
			children = (
				2AFE6DB027FC7FAE00A82BF5 /* TracksFetchServiceTests.swift */,
			);
			path = Repository;
			sourceTree = "<group>";
		};
		2AFE6DB227FC7FE700A82BF5 /* Spies */ = {
			isa = PBXGroup;
			children = (
				2AFE6DB327FC800400A82BF5 /* HTTPSClientSpy.swift */,
				2AFE6DB527FC801200A82BF5 /* DatabaseSpy.swift */,
				2A85A96127FCA638004D6006 /* TracksRepositorySpy.swift */,
			);
			path = Spies;
			sourceTree = "<group>";
		};
		2AFE6DB727FC8F2500A82BF5 /* Presentation */ = {
			isa = PBXGroup;
			children = (
				2AFE6DB827FC8F3D00A82BF5 /* PresentationItemMapperTests.swift */,
			);
			path = Presentation;
			sourceTree = "<group>";
		};
		49AE046787C3882CB5C3FD6C /* Frameworks */ = {
			isa = PBXGroup;
			children = (
				DBCCEA890A5F418F4EC7C7B5 /* Pods_ScotiabankCodingAssessment.framework */,
				768BFD8C02113E1959C14679 /* Pods_ScotiabankCodingAssessment_ScotiabankCodingAssessmentUITests.framework */,
				0F5A6F281934E5F1E1B89E0C /* Pods_ScotiabankCodingAssessmentTests.framework */,
			);
			name = Frameworks;
			sourceTree = "<group>";
		};
		81B14439B3049333EFBE9B14 /* Pods */ = {
			isa = PBXGroup;
			children = (
				20DACB6892CDCA3742D73DEB /* Pods-ScotiabankCodingAssessment.debug.xcconfig */,
				29701067A24A50A7C06CED20 /* Pods-ScotiabankCodingAssessment.release.xcconfig */,
				A16BB4E5F436523D39DFDCF0 /* Pods-ScotiabankCodingAssessment-ScotiabankCodingAssessmentUITests.debug.xcconfig */,
				E5CB3CC6ACEA40D093788866 /* Pods-ScotiabankCodingAssessment-ScotiabankCodingAssessmentUITests.release.xcconfig */,
				46F337B1DD1018E1CB7ED647 /* Pods-ScotiabankCodingAssessmentTests.debug.xcconfig */,
				E83F5641B5323649BC8B14A2 /* Pods-ScotiabankCodingAssessmentTests.release.xcconfig */,
			);
			path = Pods;
			sourceTree = "<group>";
		};
/* End PBXGroup section */

/* Begin PBXNativeTarget section */
		2A3CB45227FB3AF700BC27B9 /* ScotiabankCodingAssessment */ = {
			isa = PBXNativeTarget;
			buildConfigurationList = 2A3CB47727FB3AFA00BC27B9 /* Build configuration list for PBXNativeTarget "ScotiabankCodingAssessment" */;
			buildPhases = (
				908974D5F3148830D1AD0A27 /* [CP] Check Pods Manifest.lock */,
				2A3CB44F27FB3AF700BC27B9 /* Sources */,
				2A3CB45027FB3AF700BC27B9 /* Frameworks */,
				2A3CB45127FB3AF700BC27B9 /* Resources */,
				66815C950A047BC2F36CC8C2 /* [CP] Embed Pods Frameworks */,
			);
			buildRules = (
			);
			dependencies = (
			);
			name = ScotiabankCodingAssessment;
			packageProductDependencies = (
				2A85A96B27FD6CE2004D6006 /* CachedAsyncImage */,
			);
			productName = ScotiabankCodingAssessment;
			productReference = 2A3CB45327FB3AF700BC27B9 /* ScotiabankCodingAssessment.app */;
			productType = "com.apple.product-type.application";
		};
		2A3CB46227FB3AFA00BC27B9 /* ScotiabankCodingAssessmentTests */ = {
			isa = PBXNativeTarget;
			buildConfigurationList = 2A3CB47A27FB3AFA00BC27B9 /* Build configuration list for PBXNativeTarget "ScotiabankCodingAssessmentTests" */;
			buildPhases = (
				E875B14C71B65B2A9AD8A1CF /* [CP] Check Pods Manifest.lock */,
				2A3CB45F27FB3AFA00BC27B9 /* Sources */,
				2A3CB46027FB3AFA00BC27B9 /* Frameworks */,
				2A3CB46127FB3AFA00BC27B9 /* Resources */,
			);
			buildRules = (
			);
			dependencies = (
				2A3CB46527FB3AFA00BC27B9 /* PBXTargetDependency */,
			);
			name = ScotiabankCodingAssessmentTests;
			productName = ScotiabankCodingAssessmentTests;
			productReference = 2A3CB46327FB3AFA00BC27B9 /* ScotiabankCodingAssessmentTests.xctest */;
			productType = "com.apple.product-type.bundle.unit-test";
		};
/* End PBXNativeTarget section */

/* Begin PBXProject section */
		2A3CB44B27FB3AF700BC27B9 /* Project object */ = {
			isa = PBXProject;
			attributes = {
				BuildIndependentTargetsInParallel = 1;
				LastSwiftUpdateCheck = 1320;
				LastUpgradeCheck = 1320;
				TargetAttributes = {
					2A3CB45227FB3AF700BC27B9 = {
						CreatedOnToolsVersion = 13.2.1;
					};
					2A3CB46227FB3AFA00BC27B9 = {
						CreatedOnToolsVersion = 13.2.1;
						TestTargetID = 2A3CB45227FB3AF700BC27B9;
					};
				};
			};
			buildConfigurationList = 2A3CB44E27FB3AF700BC27B9 /* Build configuration list for PBXProject "ScotiabankCodingAssessment" */;
			compatibilityVersion = "Xcode 13.0";
			developmentRegion = en;
			hasScannedForEncodings = 0;
			knownRegions = (
				en,
				Base,
			);
			mainGroup = 2A3CB44A27FB3AF700BC27B9;
			packageReferences = (
				2A85A96A27FD6CE2004D6006 /* XCRemoteSwiftPackageReference "swiftui-cached-async-image" */,
			);
			productRefGroup = 2A3CB45427FB3AF700BC27B9 /* Products */;
			projectDirPath = "";
			projectRoot = "";
			targets = (
				2A3CB45227FB3AF700BC27B9 /* ScotiabankCodingAssessment */,
				2A3CB46227FB3AFA00BC27B9 /* ScotiabankCodingAssessmentTests */,
			);
		};
/* End PBXProject section */

/* Begin PBXResourcesBuildPhase section */
		2A3CB45127FB3AF700BC27B9 /* Resources */ = {
			isa = PBXResourcesBuildPhase;
			buildActionMask = 2147483647;
			files = (
				2A3CB45E27FB3AF900BC27B9 /* Preview Assets.xcassets in Resources */,
				2A3CB45B27FB3AF900BC27B9 /* Assets.xcassets in Resources */,
			);
			runOnlyForDeploymentPostprocessing = 0;
		};
		2A3CB46127FB3AFA00BC27B9 /* Resources */ = {
			isa = PBXResourcesBuildPhase;
			buildActionMask = 2147483647;
			files = (
			);
			runOnlyForDeploymentPostprocessing = 0;
		};
/* End PBXResourcesBuildPhase section */

/* Begin PBXShellScriptBuildPhase section */
		66815C950A047BC2F36CC8C2 /* [CP] Embed Pods Frameworks */ = {
			isa = PBXShellScriptBuildPhase;
			buildActionMask = 2147483647;
			files = (
			);
			inputFileListPaths = (
				"${PODS_ROOT}/Target Support Files/Pods-ScotiabankCodingAssessment/Pods-ScotiabankCodingAssessment-frameworks-${CONFIGURATION}-input-files.xcfilelist",
			);
			name = "[CP] Embed Pods Frameworks";
			outputFileListPaths = (
				"${PODS_ROOT}/Target Support Files/Pods-ScotiabankCodingAssessment/Pods-ScotiabankCodingAssessment-frameworks-${CONFIGURATION}-output-files.xcfilelist",
			);
			runOnlyForDeploymentPostprocessing = 0;
			shellPath = /bin/sh;
			shellScript = "\"${PODS_ROOT}/Target Support Files/Pods-ScotiabankCodingAssessment/Pods-ScotiabankCodingAssessment-frameworks.sh\"\n";
			showEnvVarsInLog = 0;
		};
		908974D5F3148830D1AD0A27 /* [CP] Check Pods Manifest.lock */ = {
			isa = PBXShellScriptBuildPhase;
			buildActionMask = 2147483647;
			files = (
			);
			inputFileListPaths = (
			);
			inputPaths = (
				"${PODS_PODFILE_DIR_PATH}/Podfile.lock",
				"${PODS_ROOT}/Manifest.lock",
			);
			name = "[CP] Check Pods Manifest.lock";
			outputFileListPaths = (
			);
			outputPaths = (
				"$(DERIVED_FILE_DIR)/Pods-ScotiabankCodingAssessment-checkManifestLockResult.txt",
			);
			runOnlyForDeploymentPostprocessing = 0;
			shellPath = /bin/sh;
			shellScript = "diff \"${PODS_PODFILE_DIR_PATH}/Podfile.lock\" \"${PODS_ROOT}/Manifest.lock\" > /dev/null\nif [ $? != 0 ] ; then\n    # print error to STDERR\n    echo \"error: The sandbox is not in sync with the Podfile.lock. Run 'pod install' or update your CocoaPods installation.\" >&2\n    exit 1\nfi\n# This output is used by Xcode 'outputs' to avoid re-running this script phase.\necho \"SUCCESS\" > \"${SCRIPT_OUTPUT_FILE_0}\"\n";
			showEnvVarsInLog = 0;
		};
		E875B14C71B65B2A9AD8A1CF /* [CP] Check Pods Manifest.lock */ = {
			isa = PBXShellScriptBuildPhase;
			buildActionMask = 2147483647;
			files = (
			);
			inputFileListPaths = (
			);
			inputPaths = (
				"${PODS_PODFILE_DIR_PATH}/Podfile.lock",
				"${PODS_ROOT}/Manifest.lock",
			);
			name = "[CP] Check Pods Manifest.lock";
			outputFileListPaths = (
			);
			outputPaths = (
				"$(DERIVED_FILE_DIR)/Pods-ScotiabankCodingAssessmentTests-checkManifestLockResult.txt",
			);
			runOnlyForDeploymentPostprocessing = 0;
			shellPath = /bin/sh;
			shellScript = "diff \"${PODS_PODFILE_DIR_PATH}/Podfile.lock\" \"${PODS_ROOT}/Manifest.lock\" > /dev/null\nif [ $? != 0 ] ; then\n    # print error to STDERR\n    echo \"error: The sandbox is not in sync with the Podfile.lock. Run 'pod install' or update your CocoaPods installation.\" >&2\n    exit 1\nfi\n# This output is used by Xcode 'outputs' to avoid re-running this script phase.\necho \"SUCCESS\" > \"${SCRIPT_OUTPUT_FILE_0}\"\n";
			showEnvVarsInLog = 0;
		};
/* End PBXShellScriptBuildPhase section */

/* Begin PBXSourcesBuildPhase section */
		2A3CB44F27FB3AF700BC27B9 /* Sources */ = {
			isa = PBXSourcesBuildPhase;
			buildActionMask = 2147483647;
			files = (
				2A3CB48E27FB3F1B00BC27B9 /* AppManager.swift in Sources */,
				2AFE6D9227FC6DA200A82BF5 /* CellView.swift in Sources */,
				2AFE6D9527FC6E2F00A82BF5 /* Strings.swift in Sources */,
				2AFE6D9B27FC6F7600A82BF5 /* PresentationItem.swift in Sources */,
				2A3CB45927FB3AF700BC27B9 /* AlbumsView.swift in Sources */,
				2AFE6D9727FC6F2300A82BF5 /* PresentationItemMapper.swift in Sources */,
				2A3CB48427FB3BC000BC27B9 /* TracksRepository.swift in Sources */,
				2A3CB48B27FB3D0900BC27B9 /* AlbumsViewModel.swift in Sources */,
				2AFE6D9E27FC711A00A82BF5 /* Track.swift in Sources */,
				2A3CB48627FB3BD800BC27B9 /* HttpsClient.swift in Sources */,
				2AFE6DA127FC716700A82BF5 /* TrackEntity.swift in Sources */,
				2A3CB45727FB3AF700BC27B9 /* ScotiabankCodingAssessmentApp.swift in Sources */,
				2AFE6D9027FC6D0C00A82BF5 /* TracksView.swift in Sources */,
				2A3CB48927FB3C1F00BC27B9 /* Database.swift in Sources */,
			);
			runOnlyForDeploymentPostprocessing = 0;
		};
		2A3CB45F27FB3AFA00BC27B9 /* Sources */ = {
			isa = PBXSourcesBuildPhase;
			buildActionMask = 2147483647;
			files = (
				2AFE6DAC27FC7D2100A82BF5 /* DatabaseTests.swift in Sources */,
				2A85A95E27FC9FC9004D6006 /* AlbumsViewModelTests.swift in Sources */,
				2AFE6DB427FC800400A82BF5 /* HTTPSClientSpy.swift in Sources */,
				2AFE6DB627FC801200A82BF5 /* DatabaseSpy.swift in Sources */,
				2AFE6DAE27FC7D6A00A82BF5 /* TrackEntityTests.swift in Sources */,
				2A85A96227FCA638004D6006 /* TracksRepositorySpy.swift in Sources */,
				2AFE6DB927FC8F3D00A82BF5 /* PresentationItemMapperTests.swift in Sources */,
				2AFE6DB127FC7FAE00A82BF5 /* TracksFetchServiceTests.swift in Sources */,
				2AFE6DA627FC7A8300A82BF5 /* RestRequestServiceTests.swift in Sources */,
			);
			runOnlyForDeploymentPostprocessing = 0;
		};
/* End PBXSourcesBuildPhase section */

/* Begin PBXTargetDependency section */
		2A3CB46527FB3AFA00BC27B9 /* PBXTargetDependency */ = {
			isa = PBXTargetDependency;
			target = 2A3CB45227FB3AF700BC27B9 /* ScotiabankCodingAssessment */;
			targetProxy = 2A3CB46427FB3AFA00BC27B9 /* PBXContainerItemProxy */;
		};
/* End PBXTargetDependency section */

/* Begin XCBuildConfiguration section */
		2A3CB47527FB3AFA00BC27B9 /* Debug */ = {
			isa = XCBuildConfiguration;
			buildSettings = {
				ALWAYS_SEARCH_USER_PATHS = NO;
				CLANG_ANALYZER_NONNULL = YES;
				CLANG_ANALYZER_NUMBER_OBJECT_CONVERSION = YES_AGGRESSIVE;
				CLANG_CXX_LANGUAGE_STANDARD = "gnu++17";
				CLANG_CXX_LIBRARY = "libc++";
				CLANG_ENABLE_MODULES = YES;
				CLANG_ENABLE_OBJC_ARC = YES;
				CLANG_ENABLE_OBJC_WEAK = YES;
				CLANG_WARN_BLOCK_CAPTURE_AUTORELEASING = YES;
				CLANG_WARN_BOOL_CONVERSION = YES;
				CLANG_WARN_COMMA = YES;
				CLANG_WARN_CONSTANT_CONVERSION = YES;
				CLANG_WARN_DEPRECATED_OBJC_IMPLEMENTATIONS = YES;
				CLANG_WARN_DIRECT_OBJC_ISA_USAGE = YES_ERROR;
				CLANG_WARN_DOCUMENTATION_COMMENTS = YES;
				CLANG_WARN_EMPTY_BODY = YES;
				CLANG_WARN_ENUM_CONVERSION = YES;
				CLANG_WARN_INFINITE_RECURSION = YES;
				CLANG_WARN_INT_CONVERSION = YES;
				CLANG_WARN_NON_LITERAL_NULL_CONVERSION = YES;
				CLANG_WARN_OBJC_IMPLICIT_RETAIN_SELF = YES;
				CLANG_WARN_OBJC_LITERAL_CONVERSION = YES;
				CLANG_WARN_OBJC_ROOT_CLASS = YES_ERROR;
				CLANG_WARN_QUOTED_INCLUDE_IN_FRAMEWORK_HEADER = YES;
				CLANG_WARN_RANGE_LOOP_ANALYSIS = YES;
				CLANG_WARN_STRICT_PROTOTYPES = YES;
				CLANG_WARN_SUSPICIOUS_MOVE = YES;
				CLANG_WARN_UNGUARDED_AVAILABILITY = YES_AGGRESSIVE;
				CLANG_WARN_UNREACHABLE_CODE = YES;
				CLANG_WARN__DUPLICATE_METHOD_MATCH = YES;
				COPY_PHASE_STRIP = NO;
				DEBUG_INFORMATION_FORMAT = dwarf;
				ENABLE_STRICT_OBJC_MSGSEND = YES;
				ENABLE_TESTABILITY = YES;
				GCC_C_LANGUAGE_STANDARD = gnu11;
				GCC_DYNAMIC_NO_PIC = NO;
				GCC_NO_COMMON_BLOCKS = YES;
				GCC_OPTIMIZATION_LEVEL = 0;
				GCC_PREPROCESSOR_DEFINITIONS = (
					"DEBUG=1",
					"$(inherited)",
				);
				GCC_WARN_64_TO_32_BIT_CONVERSION = YES;
				GCC_WARN_ABOUT_RETURN_TYPE = YES_ERROR;
				GCC_WARN_UNDECLARED_SELECTOR = YES;
				GCC_WARN_UNINITIALIZED_AUTOS = YES_AGGRESSIVE;
				GCC_WARN_UNUSED_FUNCTION = YES;
				GCC_WARN_UNUSED_VARIABLE = YES;
				IPHONEOS_DEPLOYMENT_TARGET = 15.2;
				MTL_ENABLE_DEBUG_INFO = INCLUDE_SOURCE;
				MTL_FAST_MATH = YES;
				ONLY_ACTIVE_ARCH = YES;
				SDKROOT = iphoneos;
				SWIFT_ACTIVE_COMPILATION_CONDITIONS = DEBUG;
				SWIFT_OPTIMIZATION_LEVEL = "-Onone";
			};
			name = Debug;
		};
		2A3CB47627FB3AFA00BC27B9 /* Release */ = {
			isa = XCBuildConfiguration;
			buildSettings = {
				ALWAYS_SEARCH_USER_PATHS = NO;
				CLANG_ANALYZER_NONNULL = YES;
				CLANG_ANALYZER_NUMBER_OBJECT_CONVERSION = YES_AGGRESSIVE;
				CLANG_CXX_LANGUAGE_STANDARD = "gnu++17";
				CLANG_CXX_LIBRARY = "libc++";
				CLANG_ENABLE_MODULES = YES;
				CLANG_ENABLE_OBJC_ARC = YES;
				CLANG_ENABLE_OBJC_WEAK = YES;
				CLANG_WARN_BLOCK_CAPTURE_AUTORELEASING = YES;
				CLANG_WARN_BOOL_CONVERSION = YES;
				CLANG_WARN_COMMA = YES;
				CLANG_WARN_CONSTANT_CONVERSION = YES;
				CLANG_WARN_DEPRECATED_OBJC_IMPLEMENTATIONS = YES;
				CLANG_WARN_DIRECT_OBJC_ISA_USAGE = YES_ERROR;
				CLANG_WARN_DOCUMENTATION_COMMENTS = YES;
				CLANG_WARN_EMPTY_BODY = YES;
				CLANG_WARN_ENUM_CONVERSION = YES;
				CLANG_WARN_INFINITE_RECURSION = YES;
				CLANG_WARN_INT_CONVERSION = YES;
				CLANG_WARN_NON_LITERAL_NULL_CONVERSION = YES;
				CLANG_WARN_OBJC_IMPLICIT_RETAIN_SELF = YES;
				CLANG_WARN_OBJC_LITERAL_CONVERSION = YES;
				CLANG_WARN_OBJC_ROOT_CLASS = YES_ERROR;
				CLANG_WARN_QUOTED_INCLUDE_IN_FRAMEWORK_HEADER = YES;
				CLANG_WARN_RANGE_LOOP_ANALYSIS = YES;
				CLANG_WARN_STRICT_PROTOTYPES = YES;
				CLANG_WARN_SUSPICIOUS_MOVE = YES;
				CLANG_WARN_UNGUARDED_AVAILABILITY = YES_AGGRESSIVE;
				CLANG_WARN_UNREACHABLE_CODE = YES;
				CLANG_WARN__DUPLICATE_METHOD_MATCH = YES;
				COPY_PHASE_STRIP = NO;
				DEBUG_INFORMATION_FORMAT = "dwarf-with-dsym";
				ENABLE_NS_ASSERTIONS = NO;
				ENABLE_STRICT_OBJC_MSGSEND = YES;
				GCC_C_LANGUAGE_STANDARD = gnu11;
				GCC_NO_COMMON_BLOCKS = YES;
				GCC_WARN_64_TO_32_BIT_CONVERSION = YES;
				GCC_WARN_ABOUT_RETURN_TYPE = YES_ERROR;
				GCC_WARN_UNDECLARED_SELECTOR = YES;
				GCC_WARN_UNINITIALIZED_AUTOS = YES_AGGRESSIVE;
				GCC_WARN_UNUSED_FUNCTION = YES;
				GCC_WARN_UNUSED_VARIABLE = YES;
				IPHONEOS_DEPLOYMENT_TARGET = 15.2;
				MTL_ENABLE_DEBUG_INFO = NO;
				MTL_FAST_MATH = YES;
				SDKROOT = iphoneos;
				SWIFT_COMPILATION_MODE = wholemodule;
				SWIFT_OPTIMIZATION_LEVEL = "-O";
				VALIDATE_PRODUCT = YES;
			};
			name = Release;
		};
		2A3CB47827FB3AFA00BC27B9 /* Debug */ = {
			isa = XCBuildConfiguration;
			baseConfigurationReference = 20DACB6892CDCA3742D73DEB /* Pods-ScotiabankCodingAssessment.debug.xcconfig */;
			buildSettings = {
				ASSETCATALOG_COMPILER_APPICON_NAME = AppIcon;
				ASSETCATALOG_COMPILER_GLOBAL_ACCENT_COLOR_NAME = AccentColor;
				ASSETCATALOG_COMPILER_INCLUDE_ALL_APPICON_ASSETS = YES;
				CODE_SIGN_STYLE = Automatic;
				CURRENT_PROJECT_VERSION = 1;
				DEVELOPMENT_ASSET_PATHS = "\"ScotiabankCodingAssessment/Preview Content\"";
				DEVELOPMENT_TEAM = PUK34QK43Y;
				ENABLE_PREVIEWS = YES;
				GENERATE_INFOPLIST_FILE = YES;
				INFOPLIST_KEY_UIApplicationSceneManifest_Generation = YES;
				INFOPLIST_KEY_UIApplicationSupportsIndirectInputEvents = YES;
				INFOPLIST_KEY_UILaunchScreen_Generation = YES;
				INFOPLIST_KEY_UISupportedInterfaceOrientations_iPad = "UIInterfaceOrientationPortrait UIInterfaceOrientationPortraitUpsideDown UIInterfaceOrientationLandscapeLeft UIInterfaceOrientationLandscapeRight";
				INFOPLIST_KEY_UISupportedInterfaceOrientations_iPhone = "UIInterfaceOrientationPortrait UIInterfaceOrientationLandscapeLeft UIInterfaceOrientationLandscapeRight";
				LD_RUNPATH_SEARCH_PATHS = (
					"$(inherited)",
					"@executable_path/Frameworks",
				);
				MARKETING_VERSION = 1.0;
				PRODUCT_BUNDLE_IDENTIFIER = com.wertrewq.ScotiabankCodingAssessment;
				PRODUCT_NAME = "$(TARGET_NAME)";
				SWIFT_EMIT_LOC_STRINGS = YES;
				SWIFT_VERSION = 5.0;
				TARGETED_DEVICE_FAMILY = "1,2";
			};
			name = Debug;
		};
		2A3CB47927FB3AFA00BC27B9 /* Release */ = {
			isa = XCBuildConfiguration;
			baseConfigurationReference = 29701067A24A50A7C06CED20 /* Pods-ScotiabankCodingAssessment.release.xcconfig */;
			buildSettings = {
				ASSETCATALOG_COMPILER_APPICON_NAME = AppIcon;
				ASSETCATALOG_COMPILER_GLOBAL_ACCENT_COLOR_NAME = AccentColor;
				ASSETCATALOG_COMPILER_INCLUDE_ALL_APPICON_ASSETS = YES;
				CODE_SIGN_STYLE = Automatic;
				CURRENT_PROJECT_VERSION = 1;
				DEVELOPMENT_ASSET_PATHS = "\"ScotiabankCodingAssessment/Preview Content\"";
				DEVELOPMENT_TEAM = PUK34QK43Y;
				ENABLE_PREVIEWS = YES;
				GENERATE_INFOPLIST_FILE = YES;
				INFOPLIST_KEY_UIApplicationSceneManifest_Generation = YES;
				INFOPLIST_KEY_UIApplicationSupportsIndirectInputEvents = YES;
				INFOPLIST_KEY_UILaunchScreen_Generation = YES;
				INFOPLIST_KEY_UISupportedInterfaceOrientations_iPad = "UIInterfaceOrientationPortrait UIInterfaceOrientationPortraitUpsideDown UIInterfaceOrientationLandscapeLeft UIInterfaceOrientationLandscapeRight";
				INFOPLIST_KEY_UISupportedInterfaceOrientations_iPhone = "UIInterfaceOrientationPortrait UIInterfaceOrientationLandscapeLeft UIInterfaceOrientationLandscapeRight";
				LD_RUNPATH_SEARCH_PATHS = (
					"$(inherited)",
					"@executable_path/Frameworks",
				);
				MARKETING_VERSION = 1.0;
				PRODUCT_BUNDLE_IDENTIFIER = com.wertrewq.ScotiabankCodingAssessment;
				PRODUCT_NAME = "$(TARGET_NAME)";
				SWIFT_EMIT_LOC_STRINGS = YES;
				SWIFT_VERSION = 5.0;
				TARGETED_DEVICE_FAMILY = "1,2";
			};
			name = Release;
		};
		2A3CB47B27FB3AFA00BC27B9 /* Debug */ = {
			isa = XCBuildConfiguration;
			baseConfigurationReference = 46F337B1DD1018E1CB7ED647 /* Pods-ScotiabankCodingAssessmentTests.debug.xcconfig */;
			buildSettings = {
				ALWAYS_EMBED_SWIFT_STANDARD_LIBRARIES = YES;
				BUNDLE_LOADER = "$(TEST_HOST)";
				CODE_SIGN_STYLE = Automatic;
				CURRENT_PROJECT_VERSION = 1;
				DEVELOPMENT_TEAM = PUK34QK43Y;
				GENERATE_INFOPLIST_FILE = YES;
				IPHONEOS_DEPLOYMENT_TARGET = 15.2;
				MARKETING_VERSION = 1.0;
				OTHER_SWIFT_FLAGS = "";
				PRODUCT_BUNDLE_IDENTIFIER = com.wertrewq.ScotiabankCodingAssessmentTests;
				PRODUCT_NAME = "$(TARGET_NAME)";
				SWIFT_EMIT_LOC_STRINGS = NO;
				SWIFT_VERSION = 5.0;
				TARGETED_DEVICE_FAMILY = "1,2";
				TEST_HOST = "$(BUILT_PRODUCTS_DIR)/ScotiabankCodingAssessment.app/ScotiabankCodingAssessment";
			};
			name = Debug;
		};
		2A3CB47C27FB3AFA00BC27B9 /* Release */ = {
			isa = XCBuildConfiguration;
			baseConfigurationReference = E83F5641B5323649BC8B14A2 /* Pods-ScotiabankCodingAssessmentTests.release.xcconfig */;
			buildSettings = {
				ALWAYS_EMBED_SWIFT_STANDARD_LIBRARIES = YES;
				BUNDLE_LOADER = "$(TEST_HOST)";
				CODE_SIGN_STYLE = Automatic;
				CURRENT_PROJECT_VERSION = 1;
				DEVELOPMENT_TEAM = PUK34QK43Y;
				GENERATE_INFOPLIST_FILE = YES;
				IPHONEOS_DEPLOYMENT_TARGET = 15.2;
				MARKETING_VERSION = 1.0;
				OTHER_SWIFT_FLAGS = "";
				PRODUCT_BUNDLE_IDENTIFIER = com.wertrewq.ScotiabankCodingAssessmentTests;
				PRODUCT_NAME = "$(TARGET_NAME)";
				SWIFT_EMIT_LOC_STRINGS = NO;
				SWIFT_VERSION = 5.0;
				TARGETED_DEVICE_FAMILY = "1,2";
				TEST_HOST = "$(BUILT_PRODUCTS_DIR)/ScotiabankCodingAssessment.app/ScotiabankCodingAssessment";
			};
			name = Release;
		};
/* End XCBuildConfiguration section */

/* Begin XCConfigurationList section */
		2A3CB44E27FB3AF700BC27B9 /* Build configuration list for PBXProject "ScotiabankCodingAssessment" */ = {
			isa = XCConfigurationList;
			buildConfigurations = (
				2A3CB47527FB3AFA00BC27B9 /* Debug */,
				2A3CB47627FB3AFA00BC27B9 /* Release */,
			);
			defaultConfigurationIsVisible = 0;
			defaultConfigurationName = Release;
		};
		2A3CB47727FB3AFA00BC27B9 /* Build configuration list for PBXNativeTarget "ScotiabankCodingAssessment" */ = {
			isa = XCConfigurationList;
			buildConfigurations = (
				2A3CB47827FB3AFA00BC27B9 /* Debug */,
				2A3CB47927FB3AFA00BC27B9 /* Release */,
			);
			defaultConfigurationIsVisible = 0;
			defaultConfigurationName = Release;
		};
		2A3CB47A27FB3AFA00BC27B9 /* Build configuration list for PBXNativeTarget "ScotiabankCodingAssessmentTests" */ = {
			isa = XCConfigurationList;
			buildConfigurations = (
				2A3CB47B27FB3AFA00BC27B9 /* Debug */,
				2A3CB47C27FB3AFA00BC27B9 /* Release */,
			);
			defaultConfigurationIsVisible = 0;
			defaultConfigurationName = Release;
		};
/* End XCConfigurationList section */

/* Begin XCRemoteSwiftPackageReference section */
		2A85A96A27FD6CE2004D6006 /* XCRemoteSwiftPackageReference "swiftui-cached-async-image" */ = {
			isa = XCRemoteSwiftPackageReference;
			repositoryURL = "https://github.com/lorenzofiamingo/swiftui-cached-async-image";
			requirement = {
				branch = main;
				kind = branch;
			};
		};
/* End XCRemoteSwiftPackageReference section */

/* Begin XCSwiftPackageProductDependency section */
		2A85A96B27FD6CE2004D6006 /* CachedAsyncImage */ = {
			isa = XCSwiftPackageProductDependency;
			package = 2A85A96A27FD6CE2004D6006 /* XCRemoteSwiftPackageReference "swiftui-cached-async-image" */;
			productName = CachedAsyncImage;
		};
/* End XCSwiftPackageProductDependency section */
	};
	rootObject = 2A3CB44B27FB3AF700BC27B9 /* Project object */;
}
